{
  "name": "Transcendence",
  "lockfileVersion": 3,
  "requires": true,
  "packages": {
    "": {
      "dependencies": {
        "@dimforge/rapier3d-compat": "^0.11.2",
        "@threlte/core": "^6.1.1",
        "@threlte/extras": "^8.0.5",
        "@threlte/rapier": "^1.1.4",
        "@types/three": "^0.158.3",
        "postprocessing": "^6.33.4",
        "three": "^0.158.0"
      }
    },
    "frontend": {
      "version": "0.0.1",
      "extraneous": true,
      "devDependencies": {
        "@fontsource/fira-mono": "^4.5.10",
        "@neoconfetti/svelte": "^1.0.0",
        "@sveltejs/adapter-auto": "^2.0.0",
        "@sveltejs/kit": "^1.20.4",
        "@types/cookie": "^0.5.1",
        "prettier": "^2.8.0",
        "prettier-plugin-svelte": "^2.10.1",
        "svelte": "^4.0.5",
        "svelte-check": "^3.4.3",
        "tslib": "^2.4.1",
        "typescript": "^5.0.0",
        "vite": "^4.4.2"
      }
    },
    "node_modules/@ampproject/remapping": {
      "version": "2.2.1",
      "license": "Apache-2.0",
      "peer": true,
      "dependencies": {
        "@jridgewell/gen-mapping": "^0.3.0",
        "@jridgewell/trace-mapping": "^0.3.9"
      },
      "engines": {
        "node": ">=6.0.0"
      }
    },
    "node_modules/@dimforge/rapier3d-compat": {
      "version": "0.11.2",
      "resolved": "https://registry.npmjs.org/@dimforge/rapier3d-compat/-/rapier3d-compat-0.11.2.tgz",
      "integrity": "sha512-vdWmlkpS3G8nGAzLuK7GYTpNdrkn/0NKCe0l1Jqxc7ZZOB3N0q9uG/Ap9l9bothWuAvxscIt0U97GVLr0lXWLg=="
    },
    "node_modules/@jridgewell/gen-mapping": {
      "version": "0.3.3",
      "license": "MIT",
      "peer": true,
      "dependencies": {
        "@jridgewell/set-array": "^1.0.1",
        "@jridgewell/sourcemap-codec": "^1.4.10",
        "@jridgewell/trace-mapping": "^0.3.9"
      },
      "engines": {
        "node": ">=6.0.0"
      }
    },
    "node_modules/@jridgewell/resolve-uri": {
      "version": "3.1.1",
      "license": "MIT",
      "peer": true,
      "engines": {
        "node": ">=6.0.0"
      }
    },
    "node_modules/@jridgewell/set-array": {
      "version": "1.1.2",
      "license": "MIT",
      "peer": true,
      "engines": {
        "node": ">=6.0.0"
      }
    },
    "node_modules/@jridgewell/sourcemap-codec": {
      "version": "1.4.15",
      "license": "MIT",
      "peer": true
    },
    "node_modules/@jridgewell/trace-mapping": {
      "version": "0.3.19",
      "license": "MIT",
      "peer": true,
      "dependencies": {
        "@jridgewell/resolve-uri": "^3.1.0",
        "@jridgewell/sourcemap-codec": "^1.4.14"
      }
    },
    "node_modules/@threlte/core": {
      "version": "6.1.1",
      "resolved": "https://registry.npmjs.org/@threlte/core/-/core-6.1.1.tgz",
      "integrity": "sha512-bEsZIZzmP6vOg4bWbUg5EKxEid3KhO6YZ69bQM1NrtSC467KxXMxNorPGiAr2e5Z0L3w5++aRoSKmYjeUMLZ0g==",
      "peerDependencies": {
        "svelte": ">=4",
        "three": ">=0.133"
      }
    },
    "node_modules/@threlte/extras": {
      "version": "8.0.5",
      "resolved": "https://registry.npmjs.org/@threlte/extras/-/extras-8.0.5.tgz",
      "integrity": "sha512-9FX7c/VY5G9ZRiztAH1Dh9tXT48RxJU8yQUrqDnfPihcKfmINBKmwzE0zzLvbvyPrbiF2LG6iBGqndSm0VUFVA==",
      "dependencies": {
        "troika-three-text": "^0.47.2"
      },
      "peerDependencies": {
        "svelte": ">=4",
        "three": ">=0.133"
      }
    },
    "node_modules/@threlte/rapier": {
      "version": "1.1.4",
      "resolved": "https://registry.npmjs.org/@threlte/rapier/-/rapier-1.1.4.tgz",
      "integrity": "sha512-O9GWlmiL7nngf6JBPKp1d79/emm4mWd44tWSeerjq8XtD4RRFY0qyQ0pls19vidq/EsyzVeZ82V9t7bpaHfVJQ==",
      "peerDependencies": {
        "@dimforge/rapier3d-compat": ">=0.11",
        "svelte": ">=4",
        "three": ">=0.133"
      }
    },
    "node_modules/@types/estree": {
      "version": "1.0.2",
      "license": "MIT",
      "peer": true
    },
    "node_modules/@types/stats.js": {
      "version": "0.17.1",
      "license": "MIT"
    },
    "node_modules/@types/three": {
      "version": "0.158.3",
      "resolved": "https://registry.npmjs.org/@types/three/-/three-0.158.3.tgz",
      "integrity": "sha512-6Qs1rUvLSbkJ4hlIe6/rdwIf61j1x2UKvGJg7s8KjswYsz1C1qDTs6voVXXB8kYaI0hgklgZgbZUupfL1l9xdA==",
      "dependencies": {
        "@types/stats.js": "*",
        "@types/webxr": "*",
        "fflate": "~0.6.10",
        "meshoptimizer": "~0.18.1"
      }
    },
    "node_modules/@types/webxr": {
      "version": "0.5.5",
      "license": "MIT"
    },
    "node_modules/acorn": {
      "version": "8.10.0",
      "license": "MIT",
      "peer": true,
      "bin": {
        "acorn": "bin/acorn"
      },
      "engines": {
        "node": ">=0.4.0"
      }
    },
    "node_modules/aria-query": {
      "version": "5.3.0",
      "license": "Apache-2.0",
      "peer": true,
      "dependencies": {
        "dequal": "^2.0.3"
      }
    },
    "node_modules/axobject-query": {
      "version": "3.2.1",
      "license": "Apache-2.0",
      "peer": true,
      "dependencies": {
        "dequal": "^2.0.3"
      }
    },
    "node_modules/bidi-js": {
      "version": "1.0.3",
      "resolved": "https://registry.npmjs.org/bidi-js/-/bidi-js-1.0.3.tgz",
      "integrity": "sha512-RKshQI1R3YQ+n9YJz2QQ147P66ELpa1FQEg20Dk8oW9t2KgLbpDLLp9aGZ7y8WHSshDknG0bknqGw5/tyCs5tw==",
      "dependencies": {
        "require-from-string": "^2.0.2"
      }
    },
    "node_modules/code-red": {
      "version": "1.0.4",
      "license": "MIT",
      "peer": true,
      "dependencies": {
        "@jridgewell/sourcemap-codec": "^1.4.15",
        "@types/estree": "^1.0.1",
        "acorn": "^8.10.0",
        "estree-walker": "^3.0.3",
        "periscopic": "^3.1.0"
      }
    },
    "node_modules/css-tree": {
      "version": "2.3.1",
      "license": "MIT",
      "peer": true,
      "dependencies": {
        "mdn-data": "2.0.30",
        "source-map-js": "^1.0.1"
      },
      "engines": {
        "node": "^10 || ^12.20.0 || ^14.13.0 || >=15.0.0"
      }
    },
    "node_modules/dequal": {
      "version": "2.0.3",
      "license": "MIT",
      "peer": true,
      "engines": {
        "node": ">=6"
      }
    },
    "node_modules/estree-walker": {
      "version": "3.0.3",
      "license": "MIT",
      "peer": true,
      "dependencies": {
        "@types/estree": "^1.0.0"
      }
    },
    "node_modules/fflate": {
      "version": "0.6.10",
      "license": "MIT"
    },
    "node_modules/is-reference": {
      "version": "3.0.2",
      "license": "MIT",
      "peer": true,
      "dependencies": {
        "@types/estree": "*"
      }
    },
    "node_modules/locate-character": {
      "version": "3.0.0",
      "license": "MIT",
      "peer": true
    },
    "node_modules/magic-string": {
      "version": "0.30.1",
      "license": "MIT",
      "peer": true,
      "dependencies": {
        "@jridgewell/sourcemap-codec": "^1.4.15"
      },
      "engines": {
        "node": ">=12"
      }
    },
    "node_modules/mdn-data": {
      "version": "2.0.30",
      "license": "CC0-1.0",
      "peer": true
    },
    "node_modules/meshoptimizer": {
      "version": "0.18.1",
      "license": "MIT"
    },
    "node_modules/periscopic": {
      "version": "3.1.0",
      "license": "MIT",
      "peer": true,
      "dependencies": {
        "@types/estree": "^1.0.0",
        "estree-walker": "^3.0.0",
        "is-reference": "^3.0.0"
      }
    },
    "node_modules/postprocessing": {
      "version": "6.33.4",
      "resolved": "https://registry.npmjs.org/postprocessing/-/postprocessing-6.33.4.tgz",
      "integrity": "sha512-2gFymFsEEKVGGD9g/JDi8bNzFNc4PGQiVn3oMYTZd+ebc90gHFXI4eWircELHADxaQVYMlhHvhCpsnlJ1SLhQw==",
      "engines": {
        "node": ">= 0.13.2"
      },
      "peerDependencies": {
        "three": ">= 0.138.0 < 0.160.0"
      }
    },
    "node_modules/require-from-string": {
      "version": "2.0.2",
      "resolved": "https://registry.npmjs.org/require-from-string/-/require-from-string-2.0.2.tgz",
      "integrity": "sha512-Xf0nWe6RseziFMu+Ap9biiUbmplq6S9/p+7w7YXP/JBHhrUDDUhwa+vANyubuqfZWTveU//DYVGsDG7RKL/vEw==",
      "engines": {
        "node": ">=0.10.0"
      }
    },
    "node_modules/source-map-js": {
      "version": "1.0.2",
      "license": "BSD-3-Clause",
      "peer": true,
      "engines": {
        "node": ">=0.10.0"
      }
    },
    "node_modules/svelte": {
      "version": "4.2.1",
      "license": "MIT",
      "peer": true,
      "dependencies": {
        "@ampproject/remapping": "^2.2.1",
        "@jridgewell/sourcemap-codec": "^1.4.15",
        "@jridgewell/trace-mapping": "^0.3.18",
        "acorn": "^8.9.0",
        "aria-query": "^5.3.0",
        "axobject-query": "^3.2.1",
        "code-red": "^1.0.3",
        "css-tree": "^2.3.1",
        "estree-walker": "^3.0.3",
        "is-reference": "^3.0.1",
        "locate-character": "^3.0.0",
        "magic-string": "^0.30.0",
        "periscopic": "^3.1.0"
      },
      "engines": {
        "node": ">=16"
      }
    },
    "node_modules/three": {
      "version": "0.158.0",
      "resolved": "https://registry.npmjs.org/three/-/three-0.158.0.tgz",
      "integrity": "sha512-TALj4EOpdDPF1henk2Q+s17K61uEAAWQ7TJB68nr7FKxqwyDr3msOt5IWdbGm4TaWKjrtWS8DJJWe9JnvsWOhQ=="
    },
    "node_modules/troika-three-text": {
      "version": "0.47.2",
      "resolved": "https://registry.npmjs.org/troika-three-text/-/troika-three-text-0.47.2.tgz",
      "integrity": "sha512-qylT0F+U7xGs+/PEf3ujBdJMYWbn0Qci0kLqI5BJG2kW1wdg4T1XSxneypnF05DxFqJhEzuaOR9S2SjiyknMng==",
      "dependencies": {
        "bidi-js": "^1.0.2",
        "troika-three-utils": "^0.47.2",
        "troika-worker-utils": "^0.47.2",
        "webgl-sdf-generator": "1.1.1"
      },
      "peerDependencies": {
        "three": ">=0.125.0"
      }
    },
    "node_modules/troika-three-utils": {
      "version": "0.47.2",
      "resolved": "https://registry.npmjs.org/troika-three-utils/-/troika-three-utils-0.47.2.tgz",
      "integrity": "sha512-/28plhCxfKtH7MSxEGx8e3b/OXU5A0xlwl+Sbdp0H8FXUHKZDoksduEKmjQayXYtxAyuUiCRunYIv/8Vi7aiyg==",
      "peerDependencies": {
        "three": ">=0.125.0"
      }
    },
    "node_modules/troika-worker-utils": {
      "version": "0.47.2",
      "resolved": "https://registry.npmjs.org/troika-worker-utils/-/troika-worker-utils-0.47.2.tgz",
      "integrity": "sha512-mzss4MeyzUkYBppn4x5cdAqrhBHFEuVmMMgLMTyFV23x6GvQMyo+/R5E5Lsbrt7WSt5RfvewjcwD1DChRTA9lA=="
    },
    "node_modules/webgl-sdf-generator": {
      "version": "1.1.1",
      "resolved": "https://registry.npmjs.org/webgl-sdf-generator/-/webgl-sdf-generator-1.1.1.tgz",
      "integrity": "sha512-9Z0JcMTFxeE+b2x1LJTdnaT8rT8aEp7MVxkNwoycNmJWwPdzoXzMh0BjJSh/AEFP+KPYZUli814h8bJZFIZ2jA=="
    }
  }
}
